{
  "name": "exif-position",
  "version": "1.0.0",
  "lockfileVersion": 1,
  "requires": true,
  "dependencies": {
    "balanced-match": {
      "version": "1.0.0",
      "resolved": "https://registry.npmjs.org/balanced-match/-/balanced-match-1.0.0.tgz",
      "integrity": "sha1-ibTRmasr7kneFk6gK4nORi1xt2c="
    },
    "brace-expansion": {
      "version": "1.1.11",
      "resolved": "https://registry.npmjs.org/brace-expansion/-/brace-expansion-1.1.11.tgz",
      "integrity": "sha512-iCuPHDFgrHX7H2vEI/5xpz07zSHB00TpugqhmYtVmMO6518mCuRMoOYFldEBl0g187ufozdaHgWKcYFb61qGiA==",
      "requires": {
        "balanced-match": "^1.0.0",
        "concat-map": "0.0.1"
      }
    },
    "commander": {
      "version": "2.19.0",
      "resolved": "https://registry.npmjs.org/commander/-/commander-2.19.0.tgz",
      "integrity": "sha512-6tvAOO+D6OENvRAh524Dh9jcfKTYDQAqvqezbCW82xj5X0pSrcpxtvRKHLG0yBY6SD7PSDrJaj+0AiOcKVd1Xg=="
    },
    "concat-map": {
      "version": "0.0.1",
      "resolved": "https://registry.npmjs.org/concat-map/-/concat-map-0.0.1.tgz",
      "integrity": "sha1-2Klr13/Wjfd5OnMDajug1UBdR3s="
    },
    "exif-reader": {
      "version": "1.0.2",
      "resolved": "https://registry.npmjs.org/exif-reader/-/exif-reader-1.0.2.tgz",
      "integrity": "sha1-AkCLl7YQKOpPReW4k6g2+aoorE8="
    },
    "is-jpg": {
      "version": "2.0.0",
      "resolved": "https://registry.npmjs.org/is-jpg/-/is-jpg-2.0.0.tgz",
      "integrity": "sha1-LhmX+m6RZuqsAkLarkQ0A+TvHZc="
    },
    "jpg-stream": {
      "version": "1.1.2",
      "resolved": "https://registry.npmjs.org/jpg-stream/-/jpg-stream-1.1.2.tgz",
      "integrity": "sha1-TboVnZ0ZNo3yExj2SM7pgKcr5Ac=",
      "requires": {
        "exif-reader": "^1.0.0",
        "pixel-stream": "^1.0.3"
      }
    },
    "minimatch": {
      "version": "3.0.4",
      "resolved": "https://registry.npmjs.org/minimatch/-/minimatch-3.0.4.tgz",
      "integrity": "sha512-yJHVQEhyqPLUTgt9B83PXu6W3rx4MvvHvSUvToogpwoGDOUQ+yDrR0HRot+yOCdCO7u4hX3pWft6kWBBcqh0UA==",
      "requires": {
        "brace-expansion": "^1.1.7"
      }
    },
    "p-finally": {
      "version": "1.0.0",
      "resolved": "https://registry.npmjs.org/p-finally/-/p-finally-1.0.0.tgz",
      "integrity": "sha1-P7z7FbiZpEEjs0ttzBi3JDNqLK4="
    },
    "p-try": {
      "version": "2.0.0",
      "resolved": "https://registry.npmjs.org/p-try/-/p-try-2.0.0.tgz",
      "integrity": "sha512-hMp0onDKIajHfIkdRk3P4CdCmErkYAxxDtP3Wx/4nZ3aGlau2VKh3mZpcuFkH27WQkL/3WBCPOktzA9ZOAnMQQ=="
    },
    "pify": {
      "version": "4.0.1",
      "resolved": "https://registry.npmjs.org/pify/-/pify-4.0.1.tgz",
      "integrity": "sha512-uB80kBFb/tfd68bVleG9T5GGsGPjJrLAUpR5PZIrhBnIaRTQRjqdJSsIKkOP6OAIFbj7GOrcudc5pNjZ+geV2g=="
    },
    "pixel-stream": {
      "version": "1.0.3",
      "resolved": "https://registry.npmjs.org/pixel-stream/-/pixel-stream-1.0.3.tgz",
      "integrity": "sha1-U+jFSyHVUIOTtTvLMrZKd1Xx+l4=",
      "requires": {
        "shallow-copy": "0.0.1"
      }
    },
    "read-chunk": {
      "version": "3.0.0",
      "resolved": "https://registry.npmjs.org/read-chunk/-/read-chunk-3.0.0.tgz",
      "integrity": "sha512-8lBUVPjj9TC5bKLBacB+rpexM03+LWiYbv6ma3BeWmUYXGxqA1WNNgIZHq/iIsCrbFMzPhFbkOqdsyOFRnuoXg==",
      "requires": {
        "pify": "^4.0.0",
        "with-open-file": "^0.1.3"
      }
    },
    "recursive-readdir": {
      "version": "2.2.2",
      "resolved": "https://registry.npmjs.org/recursive-readdir/-/recursive-readdir-2.2.2.tgz",
      "integrity": "sha512-nRCcW9Sj7NuZwa2XvH9co8NPeXUBhZP7CRKJtU+cS6PW9FpCIFoI5ib0NT1ZrbNuPoRy0ylyCaUL8Gih4LSyFg==",
      "requires": {
        "minimatch": "3.0.4"
      }
    },
    "shallow-copy": {
      "version": "0.0.1",
      "resolved": "https://registry.npmjs.org/shallow-copy/-/shallow-copy-0.0.1.tgz",
      "integrity": "sha1-QV9CcC1z2BAzApLMXuhurhoRoXA="
    },
    "with-open-file": {
      "version": "0.1.5",
      "resolved": "https://registry.npmjs.org/with-open-file/-/with-open-file-0.1.5.tgz",
      "integrity": "sha512-zY51cJCXG6qBilVuMceKNwU3rzjB/Ygt96BuSQ4+tXo3ewlxvj9ET99lpUHNzWfkYmsyfqKZEB9NJORmGZ1Ltw==",
      "requires": {
        "p-finally": "^1.0.0",
        "p-try": "^2.0.0",
        "pify": "^3.0.0"
      },
      "dependencies": {
        "pify": {
          "version": "3.0.0",
          "resolved": "https://registry.npmjs.org/pify/-/pify-3.0.0.tgz",
          "integrity": "sha1-5aSs0sEB/fPZpNB/DbxNtJ3SgXY="
        }
      }
    }
  }
}
